
Microsoft Visual Studio Solution File, Format Version 11.00
# Visual Studio Version 17

Project("{8BC9CEB8-8B4A-11D0-8D11-00A0C91BC942}") = "Convolusyn - Standalone Plugin", "Convolusyn_StandalonePlugin.vcxproj", "{A19A1D7F-5205-209A-2D5A-6E35BE46A7F7}"
	ProjectSection(ProjectDependencies) = postProject
		{4870E68F-C99B-A82E-4415-4252FC0B73D5} = {4870E68F-C99B-A82E-4415-4252FC0B73D5}
	EndProjectSection
EndProject
Project("{8BC9CEB8-8B4A-11D0-8D11-00A0C91BC942}") = "Convolusyn - VST3", "Convolusyn_VST3.vcxproj", "{8FEB6355-CD76-25C7-94D8-42F7AFE7A7AE}"
	ProjectSection(ProjectDependencies) = postProject
		{4870E68F-C99B-A82E-4415-4252FC0B73D5} = {4870E68F-C99B-A82E-4415-4252FC0B73D5}
		{15ED6280-DDE4-F344-6FC7-8AC914731F0D} = {15ED6280-DDE4-F344-6FC7-8AC914731F0D}
	EndProjectSection
EndProject
Project("{8BC9CEB8-8B4A-11D0-8D11-00A0C91BC942}") = "Convolusyn - Shared Code", "Convolusyn_SharedCode.vcxproj", "{4870E68F-C99B-A82E-4415-4252FC0B73D5}"
EndProject
Project("{8BC9CEB8-8B4A-11D0-8D11-00A0C91BC942}") = "Convolusyn - VST3 Manifest Helper", "Convolusyn_VST3ManifestHelper.vcxproj", "{15ED6280-DDE4-F344-6FC7-8AC914731F0D}"
EndProject
Global
	GlobalSection(SolutionConfigurationPlatforms) = preSolution
		Debug|x64 = Debug|x64
		Release|x64 = Release|x64
	EndGlobalSection
	GlobalSection(ProjectConfigurationPlatforms) = postSolution
		{8FEB6355-CD76-25C7-94D8-42F7AFE7A7AE}.Debug|x64.ActiveCfg = Debug|x64
		{8FEB6355-CD76-25C7-94D8-42F7AFE7A7AE}.Debug|x64.Build.0 = Debug|x64
		{8FEB6355-CD76-25C7-94D8-42F7AFE7A7AE}.Release|x64.ActiveCfg = Release|x64
		{8FEB6355-CD76-25C7-94D8-42F7AFE7A7AE}.Release|x64.Build.0 = Release|x64
		{A19A1D7F-5205-209A-2D5A-6E35BE46A7F7}.Debug|x64.ActiveCfg = Debug|x64
		{A19A1D7F-5205-209A-2D5A-6E35BE46A7F7}.Debug|x64.Build.0 = Debug|x64
		{A19A1D7F-5205-209A-2D5A-6E35BE46A7F7}.Release|x64.ActiveCfg = Release|x64
		{A19A1D7F-5205-209A-2D5A-6E35BE46A7F7}.Release|x64.Build.0 = Release|x64
		{4870E68F-C99B-A82E-4415-4252FC0B73D5}.Debug|x64.ActiveCfg = Debug|x64
		{4870E68F-C99B-A82E-4415-4252FC0B73D5}.Debug|x64.Build.0 = Debug|x64
		{4870E68F-C99B-A82E-4415-4252FC0B73D5}.Release|x64.ActiveCfg = Release|x64
		{4870E68F-C99B-A82E-4415-4252FC0B73D5}.Release|x64.Build.0 = Release|x64
		{15ED6280-DDE4-F344-6FC7-8AC914731F0D}.Debug|x64.ActiveCfg = Debug|x64
		{15ED6280-DDE4-F344-6FC7-8AC914731F0D}.Debug|x64.Build.0 = Debug|x64
		{15ED6280-DDE4-F344-6FC7-8AC914731F0D}.Release|x64.ActiveCfg = Release|x64
		{15ED6280-DDE4-F344-6FC7-8AC914731F0D}.Release|x64.Build.0 = Release|x64
	EndGlobalSection
	GlobalSection(SolutionProperties) = preSolution
		HideSolutionNode = FALSE
	EndGlobalSection
EndGlobal
